// !$*UTF8*$!
{
	archiveVersion = 1;
	classes = {
	};
	objectVersion = 46;
	objects = {

/* Begin PBXBuildFile section */
		3B00BEAB1CBDC670003290A2 /* SKUtilities.m in Sources */ = {isa = PBXBuildFile; fileRef = 3B00BEAA1CBDC670003290A2 /* SKUtilities.m */; };
		3B00BEB51CBE0878003290A2 /* MainScene.m in Sources */ = {isa = PBXBuildFile; fileRef = 3B00BEB41CBE0878003290A2 /* MainScene.m */; };
		3B00BEC31CBEE045003290A2 /* SKView.m in Sources */ = {isa = PBXBuildFile; fileRef = 3B00BEC11CBEE045003290A2 /* SKView.m */; };
		3B00BECC1CBEE055003290A2 /* SKAction.m in Sources */ = {isa = PBXBuildFile; fileRef = 3B00BEC51CBEE055003290A2 /* SKAction.m */; };
		3B00BECD1CBEE055003290A2 /* SKActionMoveTo.m in Sources */ = {isa = PBXBuildFile; fileRef = 3B00BEC71CBEE055003290A2 /* SKActionMoveTo.m */; };
		3B00BECE1CBEE055003290A2 /* SKActionMoveBy.m in Sources */ = {isa = PBXBuildFile; fileRef = 3B00BEC81CBEE055003290A2 /* SKActionMoveBy.m */; };
		3B00BED51CBEE061003290A2 /* SKScene.m in Sources */ = {isa = PBXBuildFile; fileRef = 3B00BED01CBEE061003290A2 /* SKScene.m */; };
		3B00BED61CBEE061003290A2 /* SKNode.m in Sources */ = {isa = PBXBuildFile; fileRef = 3B00BED31CBEE061003290A2 /* SKNode.m */; };
		3B00BEDF1CBF044F003290A2 /* AKNodeTests.m in Sources */ = {isa = PBXBuildFile; fileRef = 3B00BEDD1CBF044F003290A2 /* AKNodeTests.m */; };
		3B00BEE01CBF044F003290A2 /* AKActionTests.m in Sources */ = {isa = PBXBuildFile; fileRef = 3B00BEDE1CBF044F003290A2 /* AKActionTests.m */; };
		3B00BEE11CBF04B3003290A2 /* SKAction.m in Sources */ = {isa = PBXBuildFile; fileRef = 3B00BEC51CBEE055003290A2 /* SKAction.m */; };
		3B00BEE21CBF0516003290A2 /* SKActionMoveTo.m in Sources */ = {isa = PBXBuildFile; fileRef = 3B00BEC71CBEE055003290A2 /* SKActionMoveTo.m */; };
		3B00BEE31CBF0519003290A2 /* SKActionMoveBy.m in Sources */ = {isa = PBXBuildFile; fileRef = 3B00BEC81CBEE055003290A2 /* SKActionMoveBy.m */; };
		3B00BEE41CBF0528003290A2 /* SKNode.m in Sources */ = {isa = PBXBuildFile; fileRef = 3B00BED31CBEE061003290A2 /* SKNode.m */; };
		3B00BEE51CBF052B003290A2 /* SKSpriteNode.m in Sources */ = {isa = PBXBuildFile; fileRef = 3B6BC9DD1CB8665800D235B1 /* SKSpriteNode.m */; };
		3B00BEE61CBF052F003290A2 /* SKScene.m in Sources */ = {isa = PBXBuildFile; fileRef = 3B00BED01CBEE061003290A2 /* SKScene.m */; };
		3B00BEE71CBF0534003290A2 /* SKTexture.m in Sources */ = {isa = PBXBuildFile; fileRef = 3B5BA9241CBDA28B00B61885 /* SKTexture.m */; };
		3B00BEE81CBF0538003290A2 /* SKView.m in Sources */ = {isa = PBXBuildFile; fileRef = 3B00BEC11CBEE045003290A2 /* SKView.m */; };
		3B00BEE91CBF053C003290A2 /* SKUtilities.m in Sources */ = {isa = PBXBuildFile; fileRef = 3B00BEAA1CBDC670003290A2 /* SKUtilities.m */; };
		3B00BEEC1CBF0EC0003290A2 /* SKActionRotateBy.m in Sources */ = {isa = PBXBuildFile; fileRef = 3B00BEEB1CBF0EC0003290A2 /* SKActionRotateBy.m */; };
		3B00BEED1CBF0EC0003290A2 /* SKActionRotateBy.m in Sources */ = {isa = PBXBuildFile; fileRef = 3B00BEEB1CBF0EC0003290A2 /* SKActionRotateBy.m */; };
		3B4453C51CB78EB6009F9DD1 /* main.m in Sources */ = {isa = PBXBuildFile; fileRef = 3B4453C41CB78EB6009F9DD1 /* main.m */; };
		3B4453C81CB78EB6009F9DD1 /* AppDelegate.m in Sources */ = {isa = PBXBuildFile; fileRef = 3B4453C71CB78EB6009F9DD1 /* AppDelegate.m */; };
		3B4453CB1CB78EB6009F9DD1 /* ViewController.m in Sources */ = {isa = PBXBuildFile; fileRef = 3B4453CA1CB78EB6009F9DD1 /* ViewController.m */; };
		3B4453CE1CB78EB6009F9DD1 /* Main.storyboard in Resources */ = {isa = PBXBuildFile; fileRef = 3B4453CC1CB78EB6009F9DD1 /* Main.storyboard */; };
		3B4453D01CB78EB6009F9DD1 /* Assets.xcassets in Resources */ = {isa = PBXBuildFile; fileRef = 3B4453CF1CB78EB6009F9DD1 /* Assets.xcassets */; };
		3B4453D31CB78EB6009F9DD1 /* LaunchScreen.storyboard in Resources */ = {isa = PBXBuildFile; fileRef = 3B4453D11CB78EB6009F9DD1 /* LaunchScreen.storyboard */; };
		3B4453EE1CB78EFC009F9DD1 /* Interface.storyboard in Resources */ = {isa = PBXBuildFile; fileRef = 3B4453EC1CB78EFC009F9DD1 /* Interface.storyboard */; };
		3B4453F01CB78EFC009F9DD1 /* Assets.xcassets in Resources */ = {isa = PBXBuildFile; fileRef = 3B4453EF1CB78EFC009F9DD1 /* Assets.xcassets */; };
		3B4453F71CB78EFC009F9DD1 /* WatchSpriteKit Watch App Extension.appex in Embed App Extensions */ = {isa = PBXBuildFile; fileRef = 3B4453F61CB78EFC009F9DD1 /* WatchSpriteKit Watch App Extension.appex */; settings = {ATTRIBUTES = (RemoveHeadersOnCopy, ); }; };
		3B4453FD1CB78EFC009F9DD1 /* InterfaceController.m in Sources */ = {isa = PBXBuildFile; fileRef = 3B4453FC1CB78EFC009F9DD1 /* InterfaceController.m */; };
		3B4454001CB78EFC009F9DD1 /* ExtensionDelegate.m in Sources */ = {isa = PBXBuildFile; fileRef = 3B4453FF1CB78EFC009F9DD1 /* ExtensionDelegate.m */; };
		3B4454021CB78EFC009F9DD1 /* Assets.xcassets in Resources */ = {isa = PBXBuildFile; fileRef = 3B4454011CB78EFC009F9DD1 /* Assets.xcassets */; };
		3B4454061CB78EFC009F9DD1 /* WatchSpriteKit Watch App.app in Embed Watch Content */ = {isa = PBXBuildFile; fileRef = 3B4453EA1CB78EFC009F9DD1 /* WatchSpriteKit Watch App.app */; };
		3B44540F1CB7950D009F9DD1 /* Assets.xcassets in Resources */ = {isa = PBXBuildFile; fileRef = 3B4453EF1CB78EFC009F9DD1 /* Assets.xcassets */; };
		3B5BA9251CBDA28B00B61885 /* SKTexture.m in Sources */ = {isa = PBXBuildFile; fileRef = 3B5BA9241CBDA28B00B61885 /* SKTexture.m */; };
		3B6BC9DE1CB8665800D235B1 /* SKSpriteNode.m in Sources */ = {isa = PBXBuildFile; fileRef = 3B6BC9DD1CB8665800D235B1 /* SKSpriteNode.m */; };
		3B7653681CC18E2B00841BA6 /* AKActionMoveByTests.m in Sources */ = {isa = PBXBuildFile; fileRef = 3B7653671CC18E2B00841BA6 /* AKActionMoveByTests.m */; };
		3B76536A1CC1BE3D00841BA6 /* AKActionRepeatTests.m in Sources */ = {isa = PBXBuildFile; fileRef = 3B7653691CC1BE3D00841BA6 /* AKActionRepeatTests.m */; };
		3BB10A671CBF7DEA006E0738 /* SKActionRepeat.m in Sources */ = {isa = PBXBuildFile; fileRef = 3BB10A661CBF7DEA006E0738 /* SKActionRepeat.m */; };
		3BB10A681CBF7DEA006E0738 /* SKActionRepeat.m in Sources */ = {isa = PBXBuildFile; fileRef = 3BB10A661CBF7DEA006E0738 /* SKActionRepeat.m */; };
		3BEDC6361CD1DB600071A2B9 /* SKActionRemoveFromParent.m in Sources */ = {isa = PBXBuildFile; fileRef = 3BEDC6351CD1DB600071A2B9 /* SKActionRemoveFromParent.m */; };
		3BEDC6371CD1DB600071A2B9 /* SKActionRemoveFromParent.m in Sources */ = {isa = PBXBuildFile; fileRef = 3BEDC6351CD1DB600071A2B9 /* SKActionRemoveFromParent.m */; };
		3BF5B9CA1CC83E190089840C /* SKActionInterval.m in Sources */ = {isa = PBXBuildFile; fileRef = 3BF5B9C91CC83E190089840C /* SKActionInterval.m */; };
		3BF5B9CB1CC83E190089840C /* SKActionInterval.m in Sources */ = {isa = PBXBuildFile; fileRef = 3BF5B9C91CC83E190089840C /* SKActionInterval.m */; };
		3BF5B9CE1CC83F600089840C /* SKActionInstant.m in Sources */ = {isa = PBXBuildFile; fileRef = 3BF5B9CD1CC83F600089840C /* SKActionInstant.m */; };
		3BF5B9CF1CC83F600089840C /* SKActionInstant.m in Sources */ = {isa = PBXBuildFile; fileRef = 3BF5B9CD1CC83F600089840C /* SKActionInstant.m */; };
		3BF5B9DB1CC9589E0089840C /* SKActionRepeatForever.m in Sources */ = {isa = PBXBuildFile; fileRef = 3BF5B9DA1CC9589E0089840C /* SKActionRepeatForever.m */; };
		3BF5B9DC1CC9589E0089840C /* SKActionRepeatForever.m in Sources */ = {isa = PBXBuildFile; fileRef = 3BF5B9DA1CC9589E0089840C /* SKActionRepeatForever.m */; };
		3BF5B9E41CC984B30089840C /* SKActionSequence.m in Sources */ = {isa = PBXBuildFile; fileRef = 3BF5B9E31CC984B30089840C /* SKActionSequence.m */; };
		3BF5B9E51CC984B30089840C /* SKActionSequence.m in Sources */ = {isa = PBXBuildFile; fileRef = 3BF5B9E31CC984B30089840C /* SKActionSequence.m */; };
		3BF5B9E81CCA040C0089840C /* SKActionGroup.m in Sources */ = {isa = PBXBuildFile; fileRef = 3BF5B9E71CCA040C0089840C /* SKActionGroup.m */; };
		3BF5B9E91CCA040C0089840C /* SKActionGroup.m in Sources */ = {isa = PBXBuildFile; fileRef = 3BF5B9E71CCA040C0089840C /* SKActionGroup.m */; };
		3BF5B9ED1CCA91CB0089840C /* SKActionWait.m in Sources */ = {isa = PBXBuildFile; fileRef = 3BF5B9EC1CCA91CB0089840C /* SKActionWait.m */; };
		3BF5B9EE1CCA91CB0089840C /* SKActionWait.m in Sources */ = {isa = PBXBuildFile; fileRef = 3BF5B9EC1CCA91CB0089840C /* SKActionWait.m */; };
		3BF5B9F21CCAB4EA0089840C /* SKActionRunBlock.m in Sources */ = {isa = PBXBuildFile; fileRef = 3BF5B9F11CCAB4EA0089840C /* SKActionRunBlock.m */; };
		3BF5B9F31CCAB4EA0089840C /* SKActionRunBlock.m in Sources */ = {isa = PBXBuildFile; fileRef = 3BF5B9F11CCAB4EA0089840C /* SKActionRunBlock.m */; };
		3BF5B9F71CCAC7E80089840C /* SKActionSetTexture.m in Sources */ = {isa = PBXBuildFile; fileRef = 3BF5B9F61CCAC7E80089840C /* SKActionSetTexture.m */; };
		3BF5B9F81CCAC7E80089840C /* SKActionSetTexture.m in Sources */ = {isa = PBXBuildFile; fileRef = 3BF5B9F61CCAC7E80089840C /* SKActionSetTexture.m */; };
/* End PBXBuildFile section */

/* Begin PBXContainerItemProxy section */
		3B4453DA1CB78EB6009F9DD1 /* PBXContainerItemProxy */ = {
			isa = PBXContainerItemProxy;
			containerPortal = 3B4453B81CB78EB6009F9DD1 /* Project object */;
			proxyType = 1;
			remoteGlobalIDString = 3B4453BF1CB78EB6009F9DD1;
			remoteInfo = WatchSpriteKit;
		};
		3B4453F81CB78EFC009F9DD1 /* PBXContainerItemProxy */ = {
			isa = PBXContainerItemProxy;
			containerPortal = 3B4453B81CB78EB6009F9DD1 /* Project object */;
			proxyType = 1;
			remoteGlobalIDString = 3B4453F51CB78EFC009F9DD1;
			remoteInfo = "WatchSpriteKit Watch App Extension";
		};
		3B4454041CB78EFC009F9DD1 /* PBXContainerItemProxy */ = {
			isa = PBXContainerItemProxy;
			containerPortal = 3B4453B81CB78EB6009F9DD1 /* Project object */;
			proxyType = 1;
			remoteGlobalIDString = 3B4453E91CB78EFC009F9DD1;
			remoteInfo = "WatchSpriteKit Watch App";
		};
/* End PBXContainerItemProxy section */

/* Begin PBXCopyFilesBuildPhase section */
		3B44540A1CB78EFC009F9DD1 /* Embed App Extensions */ = {
			isa = PBXCopyFilesBuildPhase;
			buildActionMask = 2147483647;
			dstPath = "";
			dstSubfolderSpec = 13;
			files = (
				3B4453F71CB78EFC009F9DD1 /* WatchSpriteKit Watch App Extension.appex in Embed App Extensions */,
			);
			name = "Embed App Extensions";
			runOnlyForDeploymentPostprocessing = 0;
		};
		3B44540E1CB78EFC009F9DD1 /* Embed Watch Content */ = {
			isa = PBXCopyFilesBuildPhase;
			buildActionMask = 2147483647;
			dstPath = "$(CONTENTS_FOLDER_PATH)/Watch";
			dstSubfolderSpec = 16;
			files = (
				3B4454061CB78EFC009F9DD1 /* WatchSpriteKit Watch App.app in Embed Watch Content */,
			);
			name = "Embed Watch Content";
			runOnlyForDeploymentPostprocessing = 0;
		};
/* End PBXCopyFilesBuildPhase section */

/* Begin PBXFileReference section */
		3B00BEA61CBDB35E003290A2 /* SKTexturePrivate.h */ = {isa = PBXFileReference; fileEncoding = 4; lastKnownFileType = sourcecode.c.h; path = SKTexturePrivate.h; sourceTree = "<group>"; };
		3B00BEA91CBDC670003290A2 /* SKUtilities.h */ = {isa = PBXFileReference; fileEncoding = 4; lastKnownFileType = sourcecode.c.h; path = SKUtilities.h; sourceTree = "<group>"; };
		3B00BEAA1CBDC670003290A2 /* SKUtilities.m */ = {isa = PBXFileReference; fileEncoding = 4; lastKnownFileType = sourcecode.c.objc; path = SKUtilities.m; sourceTree = "<group>"; };
		3B00BEB01CBE05A8003290A2 /* SKViewPrivate.h */ = {isa = PBXFileReference; fileEncoding = 4; lastKnownFileType = sourcecode.c.h; path = SKViewPrivate.h; sourceTree = "<group>"; };
		3B00BEB31CBE0878003290A2 /* MainScene.h */ = {isa = PBXFileReference; fileEncoding = 4; lastKnownFileType = sourcecode.c.h; path = MainScene.h; sourceTree = "<group>"; };
		3B00BEB41CBE0878003290A2 /* MainScene.m */ = {isa = PBXFileReference; fileEncoding = 4; lastKnownFileType = sourcecode.c.objc; path = MainScene.m; sourceTree = "<group>"; };
		3B00BEC11CBEE045003290A2 /* SKView.m */ = {isa = PBXFileReference; fileEncoding = 4; lastKnownFileType = sourcecode.c.objc; path = SKView.m; sourceTree = "<group>"; };
		3B00BEC21CBEE045003290A2 /* SKView.h */ = {isa = PBXFileReference; fileEncoding = 4; lastKnownFileType = sourcecode.c.h; path = SKView.h; sourceTree = "<group>"; };
		3B00BEC41CBEE055003290A2 /* SKActionPrivate.h */ = {isa = PBXFileReference; fileEncoding = 4; lastKnownFileType = sourcecode.c.h; path = SKActionPrivate.h; sourceTree = "<group>"; };
		3B00BEC51CBEE055003290A2 /* SKAction.m */ = {isa = PBXFileReference; fileEncoding = 4; lastKnownFileType = sourcecode.c.objc; path = SKAction.m; sourceTree = "<group>"; };
		3B00BEC71CBEE055003290A2 /* SKActionMoveTo.m */ = {isa = PBXFileReference; fileEncoding = 4; lastKnownFileType = sourcecode.c.objc; path = SKActionMoveTo.m; sourceTree = "<group>"; };
		3B00BEC81CBEE055003290A2 /* SKActionMoveBy.m */ = {isa = PBXFileReference; fileEncoding = 4; lastKnownFileType = sourcecode.c.objc; path = SKActionMoveBy.m; sourceTree = "<group>"; };
		3B00BEC91CBEE055003290A2 /* SKActionMoveBy.h */ = {isa = PBXFileReference; fileEncoding = 4; lastKnownFileType = sourcecode.c.h; path = SKActionMoveBy.h; sourceTree = "<group>"; };
		3B00BECA1CBEE055003290A2 /* SKActionMoveTo.h */ = {isa = PBXFileReference; fileEncoding = 4; lastKnownFileType = sourcecode.c.h; path = SKActionMoveTo.h; sourceTree = "<group>"; };
		3B00BECB1CBEE055003290A2 /* SKAction.h */ = {isa = PBXFileReference; fileEncoding = 4; lastKnownFileType = sourcecode.c.h; path = SKAction.h; sourceTree = "<group>"; };
		3B00BECF1CBEE061003290A2 /* SKScenePrivate.h */ = {isa = PBXFileReference; fileEncoding = 4; lastKnownFileType = sourcecode.c.h; path = SKScenePrivate.h; sourceTree = "<group>"; };
		3B00BED01CBEE061003290A2 /* SKScene.m */ = {isa = PBXFileReference; fileEncoding = 4; lastKnownFileType = sourcecode.c.objc; path = SKScene.m; sourceTree = "<group>"; };
		3B00BED11CBEE061003290A2 /* SKScene.h */ = {isa = PBXFileReference; fileEncoding = 4; lastKnownFileType = sourcecode.c.h; path = SKScene.h; sourceTree = "<group>"; };
		3B00BED21CBEE061003290A2 /* SKNodePrivate.h */ = {isa = PBXFileReference; fileEncoding = 4; lastKnownFileType = sourcecode.c.h; path = SKNodePrivate.h; sourceTree = "<group>"; };
		3B00BED31CBEE061003290A2 /* SKNode.m */ = {isa = PBXFileReference; fileEncoding = 4; lastKnownFileType = sourcecode.c.objc; path = SKNode.m; sourceTree = "<group>"; };
		3B00BED41CBEE061003290A2 /* SKNode.h */ = {isa = PBXFileReference; fileEncoding = 4; lastKnownFileType = sourcecode.c.h; path = SKNode.h; sourceTree = "<group>"; };
		3B00BEDD1CBF044F003290A2 /* AKNodeTests.m */ = {isa = PBXFileReference; fileEncoding = 4; lastKnownFileType = sourcecode.c.objc; path = AKNodeTests.m; sourceTree = "<group>"; };
		3B00BEDE1CBF044F003290A2 /* AKActionTests.m */ = {isa = PBXFileReference; fileEncoding = 4; lastKnownFileType = sourcecode.c.objc; path = AKActionTests.m; sourceTree = "<group>"; };
		3B00BEEA1CBF0EC0003290A2 /* SKActionRotateBy.h */ = {isa = PBXFileReference; fileEncoding = 4; lastKnownFileType = sourcecode.c.h; path = SKActionRotateBy.h; sourceTree = "<group>"; };
		3B00BEEB1CBF0EC0003290A2 /* SKActionRotateBy.m */ = {isa = PBXFileReference; fileEncoding = 4; lastKnownFileType = sourcecode.c.objc; path = SKActionRotateBy.m; sourceTree = "<group>"; };
		3B4453C01CB78EB6009F9DD1 /* WatchSpriteKit.app */ = {isa = PBXFileReference; explicitFileType = wrapper.application; includeInIndex = 0; path = WatchSpriteKit.app; sourceTree = BUILT_PRODUCTS_DIR; };
		3B4453C41CB78EB6009F9DD1 /* main.m */ = {isa = PBXFileReference; lastKnownFileType = sourcecode.c.objc; path = main.m; sourceTree = "<group>"; };
		3B4453C61CB78EB6009F9DD1 /* AppDelegate.h */ = {isa = PBXFileReference; lastKnownFileType = sourcecode.c.h; path = AppDelegate.h; sourceTree = "<group>"; };
		3B4453C71CB78EB6009F9DD1 /* AppDelegate.m */ = {isa = PBXFileReference; lastKnownFileType = sourcecode.c.objc; path = AppDelegate.m; sourceTree = "<group>"; };
		3B4453C91CB78EB6009F9DD1 /* ViewController.h */ = {isa = PBXFileReference; lastKnownFileType = sourcecode.c.h; path = ViewController.h; sourceTree = "<group>"; };
		3B4453CA1CB78EB6009F9DD1 /* ViewController.m */ = {isa = PBXFileReference; lastKnownFileType = sourcecode.c.objc; path = ViewController.m; sourceTree = "<group>"; };
		3B4453CD1CB78EB6009F9DD1 /* Base */ = {isa = PBXFileReference; lastKnownFileType = file.storyboard; name = Base; path = Base.lproj/Main.storyboard; sourceTree = "<group>"; };
		3B4453CF1CB78EB6009F9DD1 /* Assets.xcassets */ = {isa = PBXFileReference; lastKnownFileType = folder.assetcatalog; path = Assets.xcassets; sourceTree = "<group>"; };
		3B4453D21CB78EB6009F9DD1 /* Base */ = {isa = PBXFileReference; lastKnownFileType = file.storyboard; name = Base; path = Base.lproj/LaunchScreen.storyboard; sourceTree = "<group>"; };
		3B4453D41CB78EB6009F9DD1 /* Info.plist */ = {isa = PBXFileReference; lastKnownFileType = text.plist.xml; path = Info.plist; sourceTree = "<group>"; };
		3B4453D91CB78EB6009F9DD1 /* WatchSpriteKitTests.xctest */ = {isa = PBXFileReference; explicitFileType = wrapper.cfbundle; includeInIndex = 0; path = WatchSpriteKitTests.xctest; sourceTree = BUILT_PRODUCTS_DIR; };
		3B4453DF1CB78EB6009F9DD1 /* Info.plist */ = {isa = PBXFileReference; lastKnownFileType = text.plist.xml; path = Info.plist; sourceTree = "<group>"; };
		3B4453EA1CB78EFC009F9DD1 /* WatchSpriteKit Watch App.app */ = {isa = PBXFileReference; explicitFileType = wrapper.application; includeInIndex = 0; path = "WatchSpriteKit Watch App.app"; sourceTree = BUILT_PRODUCTS_DIR; };
		3B4453ED1CB78EFC009F9DD1 /* Base */ = {isa = PBXFileReference; lastKnownFileType = file.storyboard; name = Base; path = Base.lproj/Interface.storyboard; sourceTree = "<group>"; };
		3B4453EF1CB78EFC009F9DD1 /* Assets.xcassets */ = {isa = PBXFileReference; lastKnownFileType = folder.assetcatalog; path = Assets.xcassets; sourceTree = "<group>"; };
		3B4453F11CB78EFC009F9DD1 /* Info.plist */ = {isa = PBXFileReference; lastKnownFileType = text.plist.xml; path = Info.plist; sourceTree = "<group>"; };
		3B4453F61CB78EFC009F9DD1 /* WatchSpriteKit Watch App Extension.appex */ = {isa = PBXFileReference; explicitFileType = "wrapper.app-extension"; includeInIndex = 0; path = "WatchSpriteKit Watch App Extension.appex"; sourceTree = BUILT_PRODUCTS_DIR; };
		3B4453FB1CB78EFC009F9DD1 /* InterfaceController.h */ = {isa = PBXFileReference; lastKnownFileType = sourcecode.c.h; path = InterfaceController.h; sourceTree = "<group>"; };
		3B4453FC1CB78EFC009F9DD1 /* InterfaceController.m */ = {isa = PBXFileReference; lastKnownFileType = sourcecode.c.objc; path = InterfaceController.m; sourceTree = "<group>"; };
		3B4453FE1CB78EFC009F9DD1 /* ExtensionDelegate.h */ = {isa = PBXFileReference; lastKnownFileType = sourcecode.c.h; path = ExtensionDelegate.h; sourceTree = "<group>"; };
		3B4453FF1CB78EFC009F9DD1 /* ExtensionDelegate.m */ = {isa = PBXFileReference; lastKnownFileType = sourcecode.c.objc; path = ExtensionDelegate.m; sourceTree = "<group>"; };
		3B4454011CB78EFC009F9DD1 /* Assets.xcassets */ = {isa = PBXFileReference; lastKnownFileType = folder.assetcatalog; path = Assets.xcassets; sourceTree = "<group>"; };
		3B4454031CB78EFC009F9DD1 /* Info.plist */ = {isa = PBXFileReference; lastKnownFileType = text.plist.xml; path = Info.plist; sourceTree = "<group>"; };
		3B562D691CCEC3BF004C1082 /* WatchSpriteKit.h */ = {isa = PBXFileReference; fileEncoding = 4; lastKnownFileType = sourcecode.c.h; path = WatchSpriteKit.h; sourceTree = "<group>"; };
		3B5BA9231CBDA28B00B61885 /* SKTexture.h */ = {isa = PBXFileReference; fileEncoding = 4; lastKnownFileType = sourcecode.c.h; path = SKTexture.h; sourceTree = "<group>"; };
		3B5BA9241CBDA28B00B61885 /* SKTexture.m */ = {isa = PBXFileReference; fileEncoding = 4; lastKnownFileType = sourcecode.c.objc; path = SKTexture.m; sourceTree = "<group>"; };
		3B6BC9DC1CB8665800D235B1 /* SKSpriteNode.h */ = {isa = PBXFileReference; fileEncoding = 4; lastKnownFileType = sourcecode.c.h; path = SKSpriteNode.h; sourceTree = "<group>"; };
		3B6BC9DD1CB8665800D235B1 /* SKSpriteNode.m */ = {isa = PBXFileReference; fileEncoding = 4; lastKnownFileType = sourcecode.c.objc; path = SKSpriteNode.m; sourceTree = "<group>"; };
		3B7653671CC18E2B00841BA6 /* AKActionMoveByTests.m */ = {isa = PBXFileReference; fileEncoding = 4; lastKnownFileType = sourcecode.c.objc; path = AKActionMoveByTests.m; sourceTree = "<group>"; };
		3B7653691CC1BE3D00841BA6 /* AKActionRepeatTests.m */ = {isa = PBXFileReference; fileEncoding = 4; lastKnownFileType = sourcecode.c.objc; path = AKActionRepeatTests.m; sourceTree = "<group>"; };
		3BB10A651CBF7DEA006E0738 /* SKActionRepeat.h */ = {isa = PBXFileReference; fileEncoding = 4; lastKnownFileType = sourcecode.c.h; path = SKActionRepeat.h; sourceTree = "<group>"; };
		3BB10A661CBF7DEA006E0738 /* SKActionRepeat.m */ = {isa = PBXFileReference; fileEncoding = 4; lastKnownFileType = sourcecode.c.objc; path = SKActionRepeat.m; sourceTree = "<group>"; };
		3BEDC6341CD1DB600071A2B9 /* SKActionRemoveFromParent.h */ = {isa = PBXFileReference; fileEncoding = 4; lastKnownFileType = sourcecode.c.h; path = SKActionRemoveFromParent.h; sourceTree = "<group>"; };
		3BEDC6351CD1DB600071A2B9 /* SKActionRemoveFromParent.m */ = {isa = PBXFileReference; fileEncoding = 4; lastKnownFileType = sourcecode.c.objc; path = SKActionRemoveFromParent.m; sourceTree = "<group>"; };
		3BF5B9C81CC83E190089840C /* SKActionInterval.h */ = {isa = PBXFileReference; fileEncoding = 4; lastKnownFileType = sourcecode.c.h; path = SKActionInterval.h; sourceTree = "<group>"; };
		3BF5B9C91CC83E190089840C /* SKActionInterval.m */ = {isa = PBXFileReference; fileEncoding = 4; lastKnownFileType = sourcecode.c.objc; path = SKActionInterval.m; sourceTree = "<group>"; };
		3BF5B9CC1CC83F600089840C /* SKActionInstant.h */ = {isa = PBXFileReference; fileEncoding = 4; lastKnownFileType = sourcecode.c.h; path = SKActionInstant.h; sourceTree = "<group>"; };
		3BF5B9CD1CC83F600089840C /* SKActionInstant.m */ = {isa = PBXFileReference; fileEncoding = 4; lastKnownFileType = sourcecode.c.objc; path = SKActionInstant.m; sourceTree = "<group>"; };
		3BF5B9D91CC9589E0089840C /* SKActionRepeatForever.h */ = {isa = PBXFileReference; fileEncoding = 4; lastKnownFileType = sourcecode.c.h; path = SKActionRepeatForever.h; sourceTree = "<group>"; };
		3BF5B9DA1CC9589E0089840C /* SKActionRepeatForever.m */ = {isa = PBXFileReference; fileEncoding = 4; lastKnownFileType = sourcecode.c.objc; path = SKActionRepeatForever.m; sourceTree = "<group>"; };
		3BF5B9E21CC984B30089840C /* SKActionSequence.h */ = {isa = PBXFileReference; fileEncoding = 4; lastKnownFileType = sourcecode.c.h; path = SKActionSequence.h; sourceTree = "<group>"; };
		3BF5B9E31CC984B30089840C /* SKActionSequence.m */ = {isa = PBXFileReference; fileEncoding = 4; lastKnownFileType = sourcecode.c.objc; path = SKActionSequence.m; sourceTree = "<group>"; };
		3BF5B9E61CCA040C0089840C /* SKActionGroup.h */ = {isa = PBXFileReference; fileEncoding = 4; lastKnownFileType = sourcecode.c.h; path = SKActionGroup.h; sourceTree = "<group>"; };
		3BF5B9E71CCA040C0089840C /* SKActionGroup.m */ = {isa = PBXFileReference; fileEncoding = 4; lastKnownFileType = sourcecode.c.objc; path = SKActionGroup.m; sourceTree = "<group>"; };
		3BF5B9EB1CCA91CB0089840C /* SKActionWait.h */ = {isa = PBXFileReference; fileEncoding = 4; lastKnownFileType = sourcecode.c.h; path = SKActionWait.h; sourceTree = "<group>"; };
		3BF5B9EC1CCA91CB0089840C /* SKActionWait.m */ = {isa = PBXFileReference; fileEncoding = 4; lastKnownFileType = sourcecode.c.objc; path = SKActionWait.m; sourceTree = "<group>"; };
		3BF5B9F01CCAB4EA0089840C /* SKActionRunBlock.h */ = {isa = PBXFileReference; fileEncoding = 4; lastKnownFileType = sourcecode.c.h; path = SKActionRunBlock.h; sourceTree = "<group>"; };
		3BF5B9F11CCAB4EA0089840C /* SKActionRunBlock.m */ = {isa = PBXFileReference; fileEncoding = 4; lastKnownFileType = sourcecode.c.objc; path = SKActionRunBlock.m; sourceTree = "<group>"; };
		3BF5B9F51CCAC7E80089840C /* SKActionSetTexture.h */ = {isa = PBXFileReference; fileEncoding = 4; lastKnownFileType = sourcecode.c.h; path = SKActionSetTexture.h; sourceTree = "<group>"; };
		3BF5B9F61CCAC7E80089840C /* SKActionSetTexture.m */ = {isa = PBXFileReference; fileEncoding = 4; lastKnownFileType = sourcecode.c.objc; path = SKActionSetTexture.m; sourceTree = "<group>"; };
/* End PBXFileReference section */

/* Begin PBXFrameworksBuildPhase section */
		3B4453BD1CB78EB6009F9DD1 /* Frameworks */ = {
			isa = PBXFrameworksBuildPhase;
			buildActionMask = 2147483647;
			files = (
			);
			runOnlyForDeploymentPostprocessing = 0;
		};
		3B4453D61CB78EB6009F9DD1 /* Frameworks */ = {
			isa = PBXFrameworksBuildPhase;
			buildActionMask = 2147483647;
			files = (
			);
			runOnlyForDeploymentPostprocessing = 0;
		};
		3B4453F31CB78EFC009F9DD1 /* Frameworks */ = {
			isa = PBXFrameworksBuildPhase;
			buildActionMask = 2147483647;
			files = (
			);
			runOnlyForDeploymentPostprocessing = 0;
		};
/* End PBXFrameworksBuildPhase section */

/* Begin PBXGroup section */
		3B00BEA51CBDB33E003290A2 /* SKTexture */ = {
			isa = PBXGroup;
			children = (
				3B00BEA61CBDB35E003290A2 /* SKTexturePrivate.h */,
				3B5BA9231CBDA28B00B61885 /* SKTexture.h */,
				3B5BA9241CBDA28B00B61885 /* SKTexture.m */,
			);
			name = SKTexture;
			sourceTree = "<group>";
		};
		3B00BEAC1CBDF44B003290A2 /* SKView */ = {
			isa = PBXGroup;
			children = (
				3B00BEB01CBE05A8003290A2 /* SKViewPrivate.h */,
				3B00BEC21CBEE045003290A2 /* SKView.h */,
				3B00BEC11CBEE045003290A2 /* SKView.m */,
			);
			name = SKView;
			sourceTree = "<group>";
		};
		3B4453B71CB78EB5009F9DD1 = {
			isa = PBXGroup;
			children = (
				3B4453C21CB78EB6009F9DD1 /* WatchSpriteKit */,
				3B4453DC1CB78EB6009F9DD1 /* WatchSpriteKitTests */,
				3B4453EB1CB78EFC009F9DD1 /* WatchSpriteKit Watch App */,
				3B4453FA1CB78EFC009F9DD1 /* WatchSpriteKit Watch App Extension */,
				3B4453C11CB78EB6009F9DD1 /* Products */,
			);
			sourceTree = "<group>";
		};
		3B4453C11CB78EB6009F9DD1 /* Products */ = {
			isa = PBXGroup;
			children = (
				3B4453C01CB78EB6009F9DD1 /* WatchSpriteKit.app */,
				3B4453D91CB78EB6009F9DD1 /* WatchSpriteKitTests.xctest */,
				3B4453EA1CB78EFC009F9DD1 /* WatchSpriteKit Watch App.app */,
				3B4453F61CB78EFC009F9DD1 /* WatchSpriteKit Watch App Extension.appex */,
			);
			name = Products;
			sourceTree = "<group>";
		};
		3B4453C21CB78EB6009F9DD1 /* WatchSpriteKit */ = {
			isa = PBXGroup;
			children = (
				3B4453C61CB78EB6009F9DD1 /* AppDelegate.h */,
				3B4453C71CB78EB6009F9DD1 /* AppDelegate.m */,
				3B4453C91CB78EB6009F9DD1 /* ViewController.h */,
				3B4453CA1CB78EB6009F9DD1 /* ViewController.m */,
				3B4453CC1CB78EB6009F9DD1 /* Main.storyboard */,
				3B4453CF1CB78EB6009F9DD1 /* Assets.xcassets */,
				3B4453D11CB78EB6009F9DD1 /* LaunchScreen.storyboard */,
				3B4453D41CB78EB6009F9DD1 /* Info.plist */,
				3B4453C31CB78EB6009F9DD1 /* Supporting Files */,
			);
			path = WatchSpriteKit;
			sourceTree = "<group>";
		};
		3B4453C31CB78EB6009F9DD1 /* Supporting Files */ = {
			isa = PBXGroup;
			children = (
				3B4453C41CB78EB6009F9DD1 /* main.m */,
			);
			name = "Supporting Files";
			sourceTree = "<group>";
		};
		3B4453DC1CB78EB6009F9DD1 /* WatchSpriteKitTests */ = {
			isa = PBXGroup;
			children = (
				3B7653671CC18E2B00841BA6 /* AKActionMoveByTests.m */,
				3B7653691CC1BE3D00841BA6 /* AKActionRepeatTests.m */,
				3B00BEDD1CBF044F003290A2 /* AKNodeTests.m */,
				3B00BEDE1CBF044F003290A2 /* AKActionTests.m */,
				3B4453DF1CB78EB6009F9DD1 /* Info.plist */,
			);
			path = WatchSpriteKitTests;
			sourceTree = "<group>";
		};
		3B4453EB1CB78EFC009F9DD1 /* WatchSpriteKit Watch App */ = {
			isa = PBXGroup;
			children = (
				3B4453EC1CB78EFC009F9DD1 /* Interface.storyboard */,
				3B4453EF1CB78EFC009F9DD1 /* Assets.xcassets */,
				3B4453F11CB78EFC009F9DD1 /* Info.plist */,
			);
			path = "WatchSpriteKit Watch App";
			sourceTree = "<group>";
		};
		3B4453FA1CB78EFC009F9DD1 /* WatchSpriteKit Watch App Extension */ = {
			isa = PBXGroup;
			children = (
				3B6BC9C51CB865ED00D235B1 /* WatchSpriteKit */,
				3B4453FB1CB78EFC009F9DD1 /* InterfaceController.h */,
				3B4453FC1CB78EFC009F9DD1 /* InterfaceController.m */,
				3B00BEB31CBE0878003290A2 /* MainScene.h */,
				3B00BEB41CBE0878003290A2 /* MainScene.m */,
				3B4453FE1CB78EFC009F9DD1 /* ExtensionDelegate.h */,
				3B4453FF1CB78EFC009F9DD1 /* ExtensionDelegate.m */,
				3B4454011CB78EFC009F9DD1 /* Assets.xcassets */,
				3B4454031CB78EFC009F9DD1 /* Info.plist */,
			);
			path = "WatchSpriteKit Watch App Extension";
			sourceTree = "<group>";
		};
		3B6BC9C51CB865ED00D235B1 /* WatchSpriteKit */ = {
			isa = PBXGroup;
			children = (
				3B00BEAC1CBDF44B003290A2 /* SKView */,
				3B00BEA51CBDB33E003290A2 /* SKTexture */,
				3B6BC9E01CB8667A00D235B1 /* SKAction */,
				3B6BC9DF1CB8666100D235B1 /* SKNode */,
				3B00BEA91CBDC670003290A2 /* SKUtilities.h */,
				3B00BEAA1CBDC670003290A2 /* SKUtilities.m */,
				3B562D691CCEC3BF004C1082 /* WatchSpriteKit.h */,
			);
			name = WatchSpriteKit;
			sourceTree = "<group>";
		};
		3B6BC9DF1CB8666100D235B1 /* SKNode */ = {
			isa = PBXGroup;
			children = (
				3B00BECF1CBEE061003290A2 /* SKScenePrivate.h */,
				3B00BED11CBEE061003290A2 /* SKScene.h */,
				3B00BED01CBEE061003290A2 /* SKScene.m */,
				3B00BED21CBEE061003290A2 /* SKNodePrivate.h */,
				3B00BED41CBEE061003290A2 /* SKNode.h */,
				3B00BED31CBEE061003290A2 /* SKNode.m */,
				3B6BC9DC1CB8665800D235B1 /* SKSpriteNode.h */,
				3B6BC9DD1CB8665800D235B1 /* SKSpriteNode.m */,
			);
			name = SKNode;
			sourceTree = "<group>";
		};
		3B6BC9E01CB8667A00D235B1 /* SKAction */ = {
			isa = PBXGroup;
			children = (
				3BF5B9DE1CC97A830089840C /* Non-Instantaneous */,
				3BF5B9DD1CC97A710089840C /* Instantaneous */,
				3B00BEC41CBEE055003290A2 /* SKActionPrivate.h */,
				3B00BECB1CBEE055003290A2 /* SKAction.h */,
				3B00BEC51CBEE055003290A2 /* SKAction.m */,
				3BF5B9D91CC9589E0089840C /* SKActionRepeatForever.h */,
				3BF5B9DA1CC9589E0089840C /* SKActionRepeatForever.m */,
			);
			name = SKAction;
			sourceTree = "<group>";
		};
		3BEDC6331CD1DB440071A2B9 /* Removing Nodes */ = {
			isa = PBXGroup;
			children = (
				3BEDC6341CD1DB600071A2B9 /* SKActionRemoveFromParent.h */,
				3BEDC6351CD1DB600071A2B9 /* SKActionRemoveFromParent.m */,
			);
			name = "Removing Nodes";
			sourceTree = "<group>";
		};
		3BF5B9DD1CC97A710089840C /* Instantaneous */ = {
			isa = PBXGroup;
			children = (
				3BEDC6331CD1DB440071A2B9 /* Removing Nodes */,
				3BF5B9F41CCAC7C90089840C /* Change Sprite */,
				3BF5B9EF1CCAB4940089840C /* Custom Actions */,
				3BF5B9CC1CC83F600089840C /* SKActionInstant.h */,
				3BF5B9CD1CC83F600089840C /* SKActionInstant.m */,
			);
			name = Instantaneous;
			sourceTree = "<group>";
		};
		3BF5B9DE1CC97A830089840C /* Non-Instantaneous */ = {
			isa = PBXGroup;
			children = (
				3BF5B9EA1CCA91B90089840C /* Wait */,
				3BF5B9E11CC97DC60089840C /* Combine Actions */,
				3BF5B9E01CC97DB90089840C /* Rotate */,
				3BF5B9DF1CC97DA60089840C /* Move */,
				3BF5B9C81CC83E190089840C /* SKActionInterval.h */,
				3BF5B9C91CC83E190089840C /* SKActionInterval.m */,
			);
			name = "Non-Instantaneous";
			sourceTree = "<group>";
		};
		3BF5B9DF1CC97DA60089840C /* Move */ = {
			isa = PBXGroup;
			children = (
				3B00BEC91CBEE055003290A2 /* SKActionMoveBy.h */,
				3B00BEC81CBEE055003290A2 /* SKActionMoveBy.m */,
				3B00BECA1CBEE055003290A2 /* SKActionMoveTo.h */,
				3B00BEC71CBEE055003290A2 /* SKActionMoveTo.m */,
			);
			name = Move;
			sourceTree = "<group>";
		};
		3BF5B9E01CC97DB90089840C /* Rotate */ = {
			isa = PBXGroup;
			children = (
				3B00BEEA1CBF0EC0003290A2 /* SKActionRotateBy.h */,
				3B00BEEB1CBF0EC0003290A2 /* SKActionRotateBy.m */,
			);
			name = Rotate;
			sourceTree = "<group>";
		};
		3BF5B9E11CC97DC60089840C /* Combine Actions */ = {
			isa = PBXGroup;
			children = (
				3BB10A651CBF7DEA006E0738 /* SKActionRepeat.h */,
				3BB10A661CBF7DEA006E0738 /* SKActionRepeat.m */,
				3BF5B9E21CC984B30089840C /* SKActionSequence.h */,
				3BF5B9E31CC984B30089840C /* SKActionSequence.m */,
				3BF5B9E61CCA040C0089840C /* SKActionGroup.h */,
				3BF5B9E71CCA040C0089840C /* SKActionGroup.m */,
			);
			name = "Combine Actions";
			sourceTree = "<group>";
		};
		3BF5B9EA1CCA91B90089840C /* Wait */ = {
			isa = PBXGroup;
			children = (
				3BF5B9EB1CCA91CB0089840C /* SKActionWait.h */,
				3BF5B9EC1CCA91CB0089840C /* SKActionWait.m */,
			);
			name = Wait;
			sourceTree = "<group>";
		};
		3BF5B9EF1CCAB4940089840C /* Custom Actions */ = {
			isa = PBXGroup;
			children = (
				3BF5B9F01CCAB4EA0089840C /* SKActionRunBlock.h */,
				3BF5B9F11CCAB4EA0089840C /* SKActionRunBlock.m */,
			);
			name = "Custom Actions";
			sourceTree = "<group>";
		};
		3BF5B9F41CCAC7C90089840C /* Change Sprite */ = {
			isa = PBXGroup;
			children = (
				3BF5B9F51CCAC7E80089840C /* SKActionSetTexture.h */,
				3BF5B9F61CCAC7E80089840C /* SKActionSetTexture.m */,
			);
			name = "Change Sprite";
			sourceTree = "<group>";
		};
/* End PBXGroup section */

/* Begin PBXNativeTarget section */
		3B4453BF1CB78EB6009F9DD1 /* WatchSpriteKit */ = {
			isa = PBXNativeTarget;
			buildConfigurationList = 3B4453E21CB78EB6009F9DD1 /* Build configuration list for PBXNativeTarget "WatchSpriteKit" */;
			buildPhases = (
				3B4453BC1CB78EB6009F9DD1 /* Sources */,
				3B4453BD1CB78EB6009F9DD1 /* Frameworks */,
				3B4453BE1CB78EB6009F9DD1 /* Resources */,
				3B44540E1CB78EFC009F9DD1 /* Embed Watch Content */,
			);
			buildRules = (
			);
			dependencies = (
				3B4454051CB78EFC009F9DD1 /* PBXTargetDependency */,
			);
			name = WatchSpriteKit;
			productName = WatchSpriteKit;
			productReference = 3B4453C01CB78EB6009F9DD1 /* WatchSpriteKit.app */;
			productType = "com.apple.product-type.application";
		};
		3B4453D81CB78EB6009F9DD1 /* WatchSpriteKitTests */ = {
			isa = PBXNativeTarget;
			buildConfigurationList = 3B4453E51CB78EB6009F9DD1 /* Build configuration list for PBXNativeTarget "WatchSpriteKitTests" */;
			buildPhases = (
				3B4453D51CB78EB6009F9DD1 /* Sources */,
				3B4453D61CB78EB6009F9DD1 /* Frameworks */,
				3B4453D71CB78EB6009F9DD1 /* Resources */,
			);
			buildRules = (
			);
			dependencies = (
				3B4453DB1CB78EB6009F9DD1 /* PBXTargetDependency */,
			);
			name = WatchSpriteKitTests;
			productName = WatchSpriteKitTests;
			productReference = 3B4453D91CB78EB6009F9DD1 /* WatchSpriteKitTests.xctest */;
			productType = "com.apple.product-type.bundle.unit-test";
		};
		3B4453E91CB78EFC009F9DD1 /* WatchSpriteKit Watch App */ = {
			isa = PBXNativeTarget;
			buildConfigurationList = 3B44540B1CB78EFC009F9DD1 /* Build configuration list for PBXNativeTarget "WatchSpriteKit Watch App" */;
			buildPhases = (
				3B4453E81CB78EFC009F9DD1 /* Resources */,
				3B44540A1CB78EFC009F9DD1 /* Embed App Extensions */,
			);
			buildRules = (
			);
			dependencies = (
				3B4453F91CB78EFC009F9DD1 /* PBXTargetDependency */,
			);
			name = "WatchSpriteKit Watch App";
			productName = "WatchSpriteKit Watch App";
			productReference = 3B4453EA1CB78EFC009F9DD1 /* WatchSpriteKit Watch App.app */;
			productType = "com.apple.product-type.application.watchapp2";
		};
		3B4453F51CB78EFC009F9DD1 /* WatchSpriteKit Watch App Extension */ = {
			isa = PBXNativeTarget;
			buildConfigurationList = 3B4454071CB78EFC009F9DD1 /* Build configuration list for PBXNativeTarget "WatchSpriteKit Watch App Extension" */;
			buildPhases = (
				3B4453F21CB78EFC009F9DD1 /* Sources */,
				3B4453F31CB78EFC009F9DD1 /* Frameworks */,
				3B4453F41CB78EFC009F9DD1 /* Resources */,
			);
			buildRules = (
			);
			dependencies = (
			);
			name = "WatchSpriteKit Watch App Extension";
			productName = "WatchSpriteKit Watch App Extension";
			productReference = 3B4453F61CB78EFC009F9DD1 /* WatchSpriteKit Watch App Extension.appex */;
			productType = "com.apple.product-type.watchkit2-extension";
		};
/* End PBXNativeTarget section */

/* Begin PBXProject section */
		3B4453B81CB78EB6009F9DD1 /* Project object */ = {
			isa = PBXProject;
			attributes = {
				LastUpgradeCheck = 0730;
				ORGANIZATIONNAME = "KASEY MOFFAT";
				TargetAttributes = {
					3B4453BF1CB78EB6009F9DD1 = {
						CreatedOnToolsVersion = 7.3;
					};
					3B4453D81CB78EB6009F9DD1 = {
						CreatedOnToolsVersion = 7.3;
						TestTargetID = 3B4453BF1CB78EB6009F9DD1;
					};
					3B4453E91CB78EFC009F9DD1 = {
						CreatedOnToolsVersion = 7.3;
					};
					3B4453F51CB78EFC009F9DD1 = {
						CreatedOnToolsVersion = 7.3;
					};
				};
			};
			buildConfigurationList = 3B4453BB1CB78EB6009F9DD1 /* Build configuration list for PBXProject "WatchSpriteKit" */;
			compatibilityVersion = "Xcode 3.2";
			developmentRegion = English;
			hasScannedForEncodings = 0;
			knownRegions = (
				en,
				Base,
			);
			mainGroup = 3B4453B71CB78EB5009F9DD1;
			productRefGroup = 3B4453C11CB78EB6009F9DD1 /* Products */;
			projectDirPath = "";
			projectRoot = "";
			targets = (
				3B4453BF1CB78EB6009F9DD1 /* WatchSpriteKit */,
				3B4453D81CB78EB6009F9DD1 /* WatchSpriteKitTests */,
				3B4453E91CB78EFC009F9DD1 /* WatchSpriteKit Watch App */,
				3B4453F51CB78EFC009F9DD1 /* WatchSpriteKit Watch App Extension */,
			);
		};
/* End PBXProject section */

/* Begin PBXResourcesBuildPhase section */
		3B4453BE1CB78EB6009F9DD1 /* Resources */ = {
			isa = PBXResourcesBuildPhase;
			buildActionMask = 2147483647;
			files = (
				3B4453D31CB78EB6009F9DD1 /* LaunchScreen.storyboard in Resources */,
				3B4453D01CB78EB6009F9DD1 /* Assets.xcassets in Resources */,
				3B4453CE1CB78EB6009F9DD1 /* Main.storyboard in Resources */,
			);
			runOnlyForDeploymentPostprocessing = 0;
		};
		3B4453D71CB78EB6009F9DD1 /* Resources */ = {
			isa = PBXResourcesBuildPhase;
			buildActionMask = 2147483647;
			files = (
			);
			runOnlyForDeploymentPostprocessing = 0;
		};
		3B4453E81CB78EFC009F9DD1 /* Resources */ = {
			isa = PBXResourcesBuildPhase;
			buildActionMask = 2147483647;
			files = (
				3B4453F01CB78EFC009F9DD1 /* Assets.xcassets in Resources */,
				3B4453EE1CB78EFC009F9DD1 /* Interface.storyboard in Resources */,
			);
			runOnlyForDeploymentPostprocessing = 0;
		};
		3B4453F41CB78EFC009F9DD1 /* Resources */ = {
			isa = PBXResourcesBuildPhase;
			buildActionMask = 2147483647;
			files = (
				3B44540F1CB7950D009F9DD1 /* Assets.xcassets in Resources */,
				3B4454021CB78EFC009F9DD1 /* Assets.xcassets in Resources */,
			);
			runOnlyForDeploymentPostprocessing = 0;
		};
/* End PBXResourcesBuildPhase section */

/* Begin PBXSourcesBuildPhase section */
		3B4453BC1CB78EB6009F9DD1 /* Sources */ = {
			isa = PBXSourcesBuildPhase;
			buildActionMask = 2147483647;
			files = (
				3B4453CB1CB78EB6009F9DD1 /* ViewController.m in Sources */,
				3B4453C81CB78EB6009F9DD1 /* AppDelegate.m in Sources */,
				3B4453C51CB78EB6009F9DD1 /* main.m in Sources */,
			);
			runOnlyForDeploymentPostprocessing = 0;
		};
		3B4453D51CB78EB6009F9DD1 /* Sources */ = {
			isa = PBXSourcesBuildPhase;
			buildActionMask = 2147483647;
			files = (
				3B00BEE91CBF053C003290A2 /* SKUtilities.m in Sources */,
				3B76536A1CC1BE3D00841BA6 /* AKActionRepeatTests.m in Sources */,
				3BF5B9ED1CCA91CB0089840C /* SKActionWait.m in Sources */,
				3B7653681CC18E2B00841BA6 /* AKActionMoveByTests.m in Sources */,
				3B00BEEC1CBF0EC0003290A2 /* SKActionRotateBy.m in Sources */,
				3B00BEE31CBF0519003290A2 /* SKActionMoveBy.m in Sources */,
				3BF5B9CE1CC83F600089840C /* SKActionInstant.m in Sources */,
				3B00BEE51CBF052B003290A2 /* SKSpriteNode.m in Sources */,
				3BF5B9E81CCA040C0089840C /* SKActionGroup.m in Sources */,
				3B00BEE01CBF044F003290A2 /* AKActionTests.m in Sources */,
				3BB10A671CBF7DEA006E0738 /* SKActionRepeat.m in Sources */,
				3BF5B9DB1CC9589E0089840C /* SKActionRepeatForever.m in Sources */,
				3BF5B9F71CCAC7E80089840C /* SKActionSetTexture.m in Sources */,
				3BEDC6361CD1DB600071A2B9 /* SKActionRemoveFromParent.m in Sources */,
				3B00BEE41CBF0528003290A2 /* SKNode.m in Sources */,
				3B00BEE71CBF0534003290A2 /* SKTexture.m in Sources */,
				3B00BEE81CBF0538003290A2 /* SKView.m in Sources */,
				3BF5B9F21CCAB4EA0089840C /* SKActionRunBlock.m in Sources */,
				3B00BEDF1CBF044F003290A2 /* AKNodeTests.m in Sources */,
				3BF5B9CA1CC83E190089840C /* SKActionInterval.m in Sources */,
				3BF5B9E41CC984B30089840C /* SKActionSequence.m in Sources */,
				3B00BEE11CBF04B3003290A2 /* SKAction.m in Sources */,
				3B00BEE61CBF052F003290A2 /* SKScene.m in Sources */,
				3B00BEE21CBF0516003290A2 /* SKActionMoveTo.m in Sources */,
			);
			runOnlyForDeploymentPostprocessing = 0;
		};
		3B4453F21CB78EFC009F9DD1 /* Sources */ = {
			isa = PBXSourcesBuildPhase;
			buildActionMask = 2147483647;
			files = (
				3B6BC9DE1CB8665800D235B1 /* SKSpriteNode.m in Sources */,
				3B00BED61CBEE061003290A2 /* SKNode.m in Sources */,
				3BB10A681CBF7DEA006E0738 /* SKActionRepeat.m in Sources */,
				3B00BECE1CBEE055003290A2 /* SKActionMoveBy.m in Sources */,
				3B4454001CB78EFC009F9DD1 /* ExtensionDelegate.m in Sources */,
				3BF5B9CF1CC83F600089840C /* SKActionInstant.m in Sources */,
				3B00BEB51CBE0878003290A2 /* MainScene.m in Sources */,
				3B5BA9251CBDA28B00B61885 /* SKTexture.m in Sources */,
				3BF5B9F31CCAB4EA0089840C /* SKActionRunBlock.m in Sources */,
				3BEDC6371CD1DB600071A2B9 /* SKActionRemoveFromParent.m in Sources */,
				3B00BEC31CBEE045003290A2 /* SKView.m in Sources */,
				3BF5B9E91CCA040C0089840C /* SKActionGroup.m in Sources */,
				3B00BEAB1CBDC670003290A2 /* SKUtilities.m in Sources */,
				3BF5B9F81CCAC7E80089840C /* SKActionSetTexture.m in Sources */,
				3B00BEED1CBF0EC0003290A2 /* SKActionRotateBy.m in Sources */,
				3BF5B9DC1CC9589E0089840C /* SKActionRepeatForever.m in Sources */,
				3BF5B9E51CC984B30089840C /* SKActionSequence.m in Sources */,
				3B4453FD1CB78EFC009F9DD1 /* InterfaceController.m in Sources */,
				3BF5B9EE1CCA91CB0089840C /* SKActionWait.m in Sources */,
				3BF5B9CB1CC83E190089840C /* SKActionInterval.m in Sources */,
				3B00BECC1CBEE055003290A2 /* SKAction.m in Sources */,
				3B00BECD1CBEE055003290A2 /* SKActionMoveTo.m in Sources */,
				3B00BED51CBEE061003290A2 /* SKScene.m in Sources */,
			);
			runOnlyForDeploymentPostprocessing = 0;
		};
/* End PBXSourcesBuildPhase section */

/* Begin PBXTargetDependency section */
		3B4453DB1CB78EB6009F9DD1 /* PBXTargetDependency */ = {
			isa = PBXTargetDependency;
			target = 3B4453BF1CB78EB6009F9DD1 /* WatchSpriteKit */;
			targetProxy = 3B4453DA1CB78EB6009F9DD1 /* PBXContainerItemProxy */;
		};
		3B4453F91CB78EFC009F9DD1 /* PBXTargetDependency */ = {
			isa = PBXTargetDependency;
			target = 3B4453F51CB78EFC009F9DD1 /* WatchSpriteKit Watch App Extension */;
			targetProxy = 3B4453F81CB78EFC009F9DD1 /* PBXContainerItemProxy */;
		};
		3B4454051CB78EFC009F9DD1 /* PBXTargetDependency */ = {
			isa = PBXTargetDependency;
			target = 3B4453E91CB78EFC009F9DD1 /* WatchSpriteKit Watch App */;
			targetProxy = 3B4454041CB78EFC009F9DD1 /* PBXContainerItemProxy */;
		};
/* End PBXTargetDependency section */

/* Begin PBXVariantGroup section */
		3B4453CC1CB78EB6009F9DD1 /* Main.storyboard */ = {
			isa = PBXVariantGroup;
			children = (
				3B4453CD1CB78EB6009F9DD1 /* Base */,
			);
			name = Main.storyboard;
			sourceTree = "<group>";
		};
		3B4453D11CB78EB6009F9DD1 /* LaunchScreen.storyboard */ = {
			isa = PBXVariantGroup;
			children = (
				3B4453D21CB78EB6009F9DD1 /* Base */,
			);
			name = LaunchScreen.storyboard;
			sourceTree = "<group>";
		};
		3B4453EC1CB78EFC009F9DD1 /* Interface.storyboard */ = {
			isa = PBXVariantGroup;
			children = (
				3B4453ED1CB78EFC009F9DD1 /* Base */,
			);
			name = Interface.storyboard;
			sourceTree = "<group>";
		};
/* End PBXVariantGroup section */

/* Begin XCBuildConfiguration section */
		3B4453E01CB78EB6009F9DD1 /* Debug */ = {
			isa = XCBuildConfiguration;
			buildSettings = {
				ALWAYS_SEARCH_USER_PATHS = NO;
				CLANG_ANALYZER_NONNULL = YES;
				CLANG_CXX_LANGUAGE_STANDARD = "gnu++0x";
				CLANG_CXX_LIBRARY = "libc++";
				CLANG_ENABLE_MODULES = YES;
				CLANG_ENABLE_OBJC_ARC = YES;
				CLANG_WARN_BOOL_CONVERSION = YES;
				CLANG_WARN_CONSTANT_CONVERSION = YES;
				CLANG_WARN_DIRECT_OBJC_ISA_USAGE = YES_ERROR;
				CLANG_WARN_EMPTY_BODY = YES;
				CLANG_WARN_ENUM_CONVERSION = YES;
				CLANG_WARN_INT_CONVERSION = YES;
				CLANG_WARN_OBJC_ROOT_CLASS = YES_ERROR;
				CLANG_WARN_UNREACHABLE_CODE = YES;
				CLANG_WARN__DUPLICATE_METHOD_MATCH = YES;
				"CODE_SIGN_IDENTITY[sdk=iphoneos*]" = "iPhone Developer";
				COPY_PHASE_STRIP = NO;
				DEBUG_INFORMATION_FORMAT = dwarf;
				ENABLE_STRICT_OBJC_MSGSEND = YES;
				ENABLE_TESTABILITY = YES;
				GCC_C_LANGUAGE_STANDARD = gnu99;
				GCC_DYNAMIC_NO_PIC = NO;
				GCC_NO_COMMON_BLOCKS = YES;
				GCC_OPTIMIZATION_LEVEL = 0;
				GCC_PREPROCESSOR_DEFINITIONS = (
					"DEBUG=1",
					"$(inherited)",
				);
				GCC_WARN_64_TO_32_BIT_CONVERSION = YES;
				GCC_WARN_ABOUT_RETURN_TYPE = YES_ERROR;
				GCC_WARN_UNDECLARED_SELECTOR = YES;
				GCC_WARN_UNINITIALIZED_AUTOS = YES_AGGRESSIVE;
				GCC_WARN_UNUSED_FUNCTION = YES;
				GCC_WARN_UNUSED_VARIABLE = YES;
				IPHONEOS_DEPLOYMENT_TARGET = 9.3;
				MTL_ENABLE_DEBUG_INFO = YES;
				ONLY_ACTIVE_ARCH = YES;
				SDKROOT = iphoneos;
			};
			name = Debug;
		};
		3B4453E11CB78EB6009F9DD1 /* Release */ = {
			isa = XCBuildConfiguration;
			buildSettings = {
				ALWAYS_SEARCH_USER_PATHS = NO;
				CLANG_ANALYZER_NONNULL = YES;
				CLANG_CXX_LANGUAGE_STANDARD = "gnu++0x";
				CLANG_CXX_LIBRARY = "libc++";
				CLANG_ENABLE_MODULES = YES;
				CLANG_ENABLE_OBJC_ARC = YES;
				CLANG_WARN_BOOL_CONVERSION = YES;
				CLANG_WARN_CONSTANT_CONVERSION = YES;
				CLANG_WARN_DIRECT_OBJC_ISA_USAGE = YES_ERROR;
				CLANG_WARN_EMPTY_BODY = YES;
				CLANG_WARN_ENUM_CONVERSION = YES;
				CLANG_WARN_INT_CONVERSION = YES;
				CLANG_WARN_OBJC_ROOT_CLASS = YES_ERROR;
				CLANG_WARN_UNREACHABLE_CODE = YES;
				CLANG_WARN__DUPLICATE_METHOD_MATCH = YES;
				"CODE_SIGN_IDENTITY[sdk=iphoneos*]" = "iPhone Developer";
				COPY_PHASE_STRIP = NO;
				DEBUG_INFORMATION_FORMAT = "dwarf-with-dsym";
				ENABLE_NS_ASSERTIONS = NO;
				ENABLE_STRICT_OBJC_MSGSEND = YES;
				GCC_C_LANGUAGE_STANDARD = gnu99;
				GCC_NO_COMMON_BLOCKS = YES;
				GCC_WARN_64_TO_32_BIT_CONVERSION = YES;
				GCC_WARN_ABOUT_RETURN_TYPE = YES_ERROR;
				GCC_WARN_UNDECLARED_SELECTOR = YES;
				GCC_WARN_UNINITIALIZED_AUTOS = YES_AGGRESSIVE;
				GCC_WARN_UNUSED_FUNCTION = YES;
				GCC_WARN_UNUSED_VARIABLE = YES;
				IPHONEOS_DEPLOYMENT_TARGET = 9.3;
				MTL_ENABLE_DEBUG_INFO = NO;
				SDKROOT = iphoneos;
				VALIDATE_PRODUCT = YES;
			};
			name = Release;
		};
		3B4453E31CB78EB6009F9DD1 /* Debug */ = {
			isa = XCBuildConfiguration;
			buildSettings = {
				ASSETCATALOG_COMPILER_APPICON_NAME = AppIcon;
				INFOPLIST_FILE = WatchSpriteKit/Info.plist;
				LD_RUNPATH_SEARCH_PATHS = "$(inherited) @executable_path/Frameworks";
				PRODUCT_BUNDLE_IDENTIFIER = kaseymoffat.WatchSpriteKit;
				PRODUCT_NAME = "$(TARGET_NAME)";
			};
			name = Debug;
		};
		3B4453E41CB78EB6009F9DD1 /* Release */ = {
			isa = XCBuildConfiguration;
			buildSettings = {
				ASSETCATALOG_COMPILER_APPICON_NAME = AppIcon;
				INFOPLIST_FILE = WatchSpriteKit/Info.plist;
				LD_RUNPATH_SEARCH_PATHS = "$(inherited) @executable_path/Frameworks";
				PRODUCT_BUNDLE_IDENTIFIER = kaseymoffat.WatchSpriteKit;
				PRODUCT_NAME = "$(TARGET_NAME)";
			};
			name = Release;
		};
		3B4453E61CB78EB6009F9DD1 /* Debug */ = {
			isa = XCBuildConfiguration;
			buildSettings = {
				BUNDLE_LOADER = "$(TEST_HOST)";
				INFOPLIST_FILE = WatchSpriteKitTests/Info.plist;
				LD_RUNPATH_SEARCH_PATHS = "$(inherited) @executable_path/Frameworks @loader_path/Frameworks";
				PRODUCT_BUNDLE_IDENTIFIER = kaseymoffat.WatchSpriteKitTests;
				PRODUCT_NAME = "$(TARGET_NAME)";
				TEST_HOST = "$(BUILT_PRODUCTS_DIR)/WatchSpriteKit.app/WatchSpriteKit";
			};
			name = Debug;
		};
		3B4453E71CB78EB6009F9DD1 /* Release */ = {
			isa = XCBuildConfiguration;
			buildSettings = {
				BUNDLE_LOADER = "$(TEST_HOST)";
				INFOPLIST_FILE = WatchSpriteKitTests/Info.plist;
				LD_RUNPATH_SEARCH_PATHS = "$(inherited) @executable_path/Frameworks @loader_path/Frameworks";
				PRODUCT_BUNDLE_IDENTIFIER = kaseymoffat.WatchSpriteKitTests;
				PRODUCT_NAME = "$(TARGET_NAME)";
				TEST_HOST = "$(BUILT_PRODUCTS_DIR)/WatchSpriteKit.app/WatchSpriteKit";
			};
			name = Release;
		};
		3B4454081CB78EFC009F9DD1 /* Debug */ = {
			isa = XCBuildConfiguration;
			buildSettings = {
				INFOPLIST_FILE = "WatchSpriteKit Watch App Extension/Info.plist";
				LD_RUNPATH_SEARCH_PATHS = "$(inherited) @executable_path/Frameworks @executable_path/../../Frameworks";
				PRODUCT_BUNDLE_IDENTIFIER = kaseymoffat.WatchSpriteKit.watchkitapp.watchkitextension;
				PRODUCT_NAME = "${TARGET_NAME}";
				SDKROOT = watchos;
				SKIP_INSTALL = YES;
				TARGETED_DEVICE_FAMILY = 4;
				WATCHOS_DEPLOYMENT_TARGET = 2.2;
			};
			name = Debug;
		};
		3B4454091CB78EFC009F9DD1 /* Release */ = {
			isa = XCBuildConfiguration;
			buildSettings = {
				INFOPLIST_FILE = "WatchSpriteKit Watch App Extension/Info.plist";
				LD_RUNPATH_SEARCH_PATHS = "$(inherited) @executable_path/Frameworks @executable_path/../../Frameworks";
				PRODUCT_BUNDLE_IDENTIFIER = kaseymoffat.WatchSpriteKit.watchkitapp.watchkitextension;
				PRODUCT_NAME = "${TARGET_NAME}";
				SDKROOT = watchos;
				SKIP_INSTALL = YES;
				TARGETED_DEVICE_FAMILY = 4;
				WATCHOS_DEPLOYMENT_TARGET = 2.2;
			};
			name = Release;
		};
		3B44540C1CB78EFC009F9DD1 /* Debug */ = {
			isa = XCBuildConfiguration;
			buildSettings = {
				ASSETCATALOG_COMPILER_APPICON_NAME = AppIcon;
				IBSC_MODULE = WatchSpriteKit_Watch_App_Extension;
				INFOPLIST_FILE = "WatchSpriteKit Watch App/Info.plist";
				PRODUCT_BUNDLE_IDENTIFIER = kaseymoffat.WatchSpriteKit.watchkitapp;
				PRODUCT_NAME = "$(TARGET_NAME)";
				SDKROOT = watchos;
				SKIP_INSTALL = YES;
				TARGETED_DEVICE_FAMILY = 4;
				WATCHOS_DEPLOYMENT_TARGET = 2.2;
			};
			name = Debug;
		};
		3B44540D1CB78EFC009F9DD1 /* Release */ = {
			isa = XCBuildConfiguration;
			buildSettings = {
				ASSETCATALOG_COMPILER_APPICON_NAME = AppIcon;
				IBSC_MODULE = WatchSpriteKit_Watch_App_Extension;
				INFOPLIST_FILE = "WatchSpriteKit Watch App/Info.plist";
				PRODUCT_BUNDLE_IDENTIFIER = kaseymoffat.WatchSpriteKit.watchkitapp;
				PRODUCT_NAME = "$(TARGET_NAME)";
				SDKROOT = watchos;
				SKIP_INSTALL = YES;
				TARGETED_DEVICE_FAMILY = 4;
				WATCHOS_DEPLOYMENT_TARGET = 2.2;
			};
			name = Release;
		};
/* End XCBuildConfiguration section */

/* Begin XCConfigurationList section */
		3B4453BB1CB78EB6009F9DD1 /* Build configuration list for PBXProject "WatchSpriteKit" */ = {
			isa = XCConfigurationList;
			buildConfigurations = (
				3B4453E01CB78EB6009F9DD1 /* Debug */,
				3B4453E11CB78EB6009F9DD1 /* Release */,
			);
			defaultConfigurationIsVisible = 0;
			defaultConfigurationName = Release;
		};
		3B4453E21CB78EB6009F9DD1 /* Build configuration list for PBXNativeTarget "WatchSpriteKit" */ = {
			isa = XCConfigurationList;
			buildConfigurations = (
				3B4453E31CB78EB6009F9DD1 /* Debug */,
				3B4453E41CB78EB6009F9DD1 /* Release */,
			);
			defaultConfigurationIsVisible = 0;
			defaultConfigurationName = Release;
		};
		3B4453E51CB78EB6009F9DD1 /* Build configuration list for PBXNativeTarget "WatchSpriteKitTests" */ = {
			isa = XCConfigurationList;
			buildConfigurations = (
				3B4453E61CB78EB6009F9DD1 /* Debug */,
				3B4453E71CB78EB6009F9DD1 /* Release */,
			);
			defaultConfigurationIsVisible = 0;
			defaultConfigurationName = Release;
		};
		3B4454071CB78EFC009F9DD1 /* Build configuration list for PBXNativeTarget "WatchSpriteKit Watch App Extension" */ = {
			isa = XCConfigurationList;
			buildConfigurations = (
				3B4454081CB78EFC009F9DD1 /* Debug */,
				3B4454091CB78EFC009F9DD1 /* Release */,
			);
			defaultConfigurationIsVisible = 0;
			defaultConfigurationName = Release;
		};
		3B44540B1CB78EFC009F9DD1 /* Build configuration list for PBXNativeTarget "WatchSpriteKit Watch App" */ = {
			isa = XCConfigurationList;
			buildConfigurations = (
				3B44540C1CB78EFC009F9DD1 /* Debug */,
				3B44540D1CB78EFC009F9DD1 /* Release */,
			);
			defaultConfigurationIsVisible = 0;
			defaultConfigurationName = Release;
		};
/* End XCConfigurationList section */
	};
	rootObject = 3B4453B81CB78EB6009F9DD1 /* Project object */;
}
